
Microsoft Visual Studio Solution File, Format Version 12.00
# Visual Studio Version 17
VisualStudioVersion = 17.3.32901.215
MinimumVisualStudioVersion = 10.0.40219.1
Project("{FAE04EC0-301F-11D3-BF4B-00C04F79EFBC}") = "Ogrenci_Indirimi_checkbox", "Ogrenci_Indirimi_checkbox\Ogrenci_Indirimi_checkbox.csproj", "{EADC327C-78CE-4FBB-8EE0-B0316578CC80}"
EndProject
Global
	GlobalSection(SolutionConfigurationPlatforms) = preSolution
		Debug|Any CPU = Debug|Any CPU
		Release|Any CPU = Release|Any CPU
	EndGlobalSection
	GlobalSection(ProjectConfigurationPlatforms) = postSolution
		{EADC327C-78CE-4FBB-8EE0-B0316578CC80}.Debug|Any CPU.ActiveCfg = Debug|Any CPU
		{EADC327C-78CE-4FBB-8EE0-B0316578CC80}.Debug|Any CPU.Build.0 = Debug|Any CPU
		{EADC327C-78CE-4FBB-8EE0-B0316578CC80}.Release|Any CPU.ActiveCfg = Release|Any CPU
		{EADC327C-78CE-4FBB-8EE0-B0316578CC80}.Release|Any CPU.Build.0 = Release|Any CPU
	EndGlobalSection
	GlobalSection(SolutionProperties) = preSolution
		HideSolutionNode = FALSE
	EndGlobalSection
	GlobalSection(ExtensibilityGlobals) = postSolution
		SolutionGuid = {D6E95655-697A-423E-AA56-58187E10335E}
	EndGlobalSection
EndGlobal
